// !$*UTF8*$!
{
	archiveVersion = 1;
	classes = {
	};
	objectVersion = 46;
	objects = {

/* Begin PBXBuildFile section */
		341395D91F4DF344004B8EB9 /* FoldingCell.swift in Sources */ = {isa = PBXBuildFile; fileRef = 341395D81F4DF344004B8EB9 /* FoldingCell.swift */; };
		341395DB1F4E161D004B8EB9 /* FoodViewController.swift in Sources */ = {isa = PBXBuildFile; fileRef = 341395DA1F4E161D004B8EB9 /* FoodViewController.swift */; };
		34151E0B1F265A7D000BBFFD /* TimerController.swift in Sources */ = {isa = PBXBuildFile; fileRef = 34151E0A1F265A7D000BBFFD /* TimerController.swift */; };
		34151E0D1F267A36000BBFFD /* TimerController2.swift in Sources */ = {isa = PBXBuildFile; fileRef = 34151E0C1F267A36000BBFFD /* TimerController2.swift */; };
		34151E131F27B5C9000BBFFD /* GoogleService-Info.plist in Resources */ = {isa = PBXBuildFile; fileRef = 34151E121F27B5C9000BBFFD /* GoogleService-Info.plist */; };
		345699301F1FC90E00D631BC /* AppDelegate.swift in Sources */ = {isa = PBXBuildFile; fileRef = 3456992F1F1FC90E00D631BC /* AppDelegate.swift */; };
		345699351F1FC90E00D631BC /* Main.storyboard in Resources */ = {isa = PBXBuildFile; fileRef = 345699331F1FC90E00D631BC /* Main.storyboard */; };
		345699371F1FC90E00D631BC /* Assets.xcassets in Resources */ = {isa = PBXBuildFile; fileRef = 345699361F1FC90E00D631BC /* Assets.xcassets */; };
		3456993A1F1FC90E00D631BC /* LaunchScreen.storyboard in Resources */ = {isa = PBXBuildFile; fileRef = 345699381F1FC90E00D631BC /* LaunchScreen.storyboard */; };
		345699641F1FD6A000D631BC /* ViewController.swift in Sources */ = {isa = PBXBuildFile; fileRef = 345699631F1FD6A000D631BC /* ViewController.swift */; };
		345B996B1F23E23500E671C3 /* MainTableViewController.swift in Sources */ = {isa = PBXBuildFile; fileRef = 345B996A1F23E23500E671C3 /* MainTableViewController.swift */; };
		345B996E1F23E2A400E671C3 /* DemoCell.swift in Sources */ = {isa = PBXBuildFile; fileRef = 345B996D1F23E2A400E671C3 /* DemoCell.swift */; };
		34A133A91F4C7E4100880FA5 /* DGRunkeeperSwitch.swift in Sources */ = {isa = PBXBuildFile; fileRef = 34A133A81F4C7E4100880FA5 /* DGRunkeeperSwitch.swift */; };
		34B970511F42AA5A002C0DE1 /* MapViewController.swift in Sources */ = {isa = PBXBuildFile; fileRef = 34B970501F42AA5A002C0DE1 /* MapViewController.swift */; };
		34B970571F435F3B002C0DE1 /* FlippingLabel.swift in Sources */ = {isa = PBXBuildFile; fileRef = 34B970561F435F3B002C0DE1 /* FlippingLabel.swift */; };
		34B970591F44ACB7002C0DE1 /* Vendors.swift in Sources */ = {isa = PBXBuildFile; fileRef = 34B970581F44ACB7002C0DE1 /* Vendors.swift */; };
		383E20266AC04F99A82973BE /* Pods_Trofi.framework in Frameworks */ = {isa = PBXBuildFile; fileRef = A486F1BE4B1673C0824A3C39 /* Pods_Trofi.framework */; };
/* End PBXBuildFile section */

/* Begin PBXFileReference section */
		341395D81F4DF344004B8EB9 /* FoldingCell.swift */ = {isa = PBXFileReference; fileEncoding = 4; lastKnownFileType = sourcecode.swift; name = FoldingCell.swift; path = ../Pods/FoldingCell/FoldingCell/FoldingCell/FoldingCell/FoldingCell.swift; sourceTree = "<group>"; };
		341395DA1F4E161D004B8EB9 /* FoodViewController.swift */ = {isa = PBXFileReference; fileEncoding = 4; lastKnownFileType = sourcecode.swift; name = FoodViewController.swift; path = Controllers/FoodViewController.swift; sourceTree = "<group>"; };
		34151E0A1F265A7D000BBFFD /* TimerController.swift */ = {isa = PBXFileReference; fileEncoding = 4; lastKnownFileType = sourcecode.swift; name = TimerController.swift; path = Controllers/TimerController.swift; sourceTree = "<group>"; };
		34151E0C1F267A36000BBFFD /* TimerController2.swift */ = {isa = PBXFileReference; fileEncoding = 4; lastKnownFileType = sourcecode.swift; name = TimerController2.swift; path = Controllers/TimerController2.swift; sourceTree = "<group>"; };
		34151E121F27B5C9000BBFFD /* GoogleService-Info.plist */ = {isa = PBXFileReference; fileEncoding = 4; lastKnownFileType = text.plist.xml; name = "GoogleService-Info.plist"; path = "supporting/GoogleService-Info.plist"; sourceTree = "<group>"; };
		3456992C1F1FC90E00D631BC /* Trofi.app */ = {isa = PBXFileReference; explicitFileType = wrapper.application; includeInIndex = 0; path = Trofi.app; sourceTree = BUILT_PRODUCTS_DIR; };
		3456992F1F1FC90E00D631BC /* AppDelegate.swift */ = {isa = PBXFileReference; lastKnownFileType = sourcecode.swift; path = AppDelegate.swift; sourceTree = "<group>"; };
		345699341F1FC90E00D631BC /* Base */ = {isa = PBXFileReference; lastKnownFileType = file.storyboard; name = Base; path = Base.lproj/Main.storyboard; sourceTree = "<group>"; };
		345699361F1FC90E00D631BC /* Assets.xcassets */ = {isa = PBXFileReference; lastKnownFileType = folder.assetcatalog; path = Assets.xcassets; sourceTree = "<group>"; };
		345699391F1FC90E00D631BC /* Base */ = {isa = PBXFileReference; lastKnownFileType = file.storyboard; name = Base; path = Base.lproj/LaunchScreen.storyboard; sourceTree = "<group>"; };
		345699631F1FD6A000D631BC /* ViewController.swift */ = {isa = PBXFileReference; fileEncoding = 4; lastKnownFileType = sourcecode.swift; name = ViewController.swift; path = Controllers/ViewController.swift; sourceTree = "<group>"; };
		345699651F1FD6AB00D631BC /* Info.plist */ = {isa = PBXFileReference; fileEncoding = 4; lastKnownFileType = text.plist.xml; name = Info.plist; path = supporting/Info.plist; sourceTree = "<group>"; };
		345B996A1F23E23500E671C3 /* MainTableViewController.swift */ = {isa = PBXFileReference; fileEncoding = 4; lastKnownFileType = sourcecode.swift; name = MainTableViewController.swift; path = Controllers/MainTableViewController.swift; sourceTree = "<group>"; };
		345B996D1F23E2A400E671C3 /* DemoCell.swift */ = {isa = PBXFileReference; fileEncoding = 4; lastKnownFileType = sourcecode.swift; name = DemoCell.swift; path = views/DemoCell.swift; sourceTree = "<group>"; };
		34A133A81F4C7E4100880FA5 /* DGRunkeeperSwitch.swift */ = {isa = PBXFileReference; fileEncoding = 4; lastKnownFileType = sourcecode.swift; name = DGRunkeeperSwitch.swift; path = supporting/DGRunkeeperSwitch.swift; sourceTree = "<group>"; };
		34A133AA1F4C7E8500880FA5 /* DGRunkeeperSwitch.h */ = {isa = PBXFileReference; lastKnownFileType = sourcecode.c.h; name = DGRunkeeperSwitch.h; path = services/DGRunkeeperSwitch.h; sourceTree = "<group>"; };
		34B970501F42AA5A002C0DE1 /* MapViewController.swift */ = {isa = PBXFileReference; fileEncoding = 4; lastKnownFileType = sourcecode.swift; name = MapViewController.swift; path = views/MapViewController.swift; sourceTree = "<group>"; };
		34B970561F435F3B002C0DE1 /* FlippingLabel.swift */ = {isa = PBXFileReference; fileEncoding = 4; lastKnownFileType = sourcecode.swift; name = FlippingLabel.swift; path = supporting/FlippingLabel.swift; sourceTree = "<group>"; };
		34B970581F44ACB7002C0DE1 /* Vendors.swift */ = {isa = PBXFileReference; fileEncoding = 4; lastKnownFileType = sourcecode.swift; name = Vendors.swift; path = models/Vendors.swift; sourceTree = "<group>"; };
		430B920CBCB537DD590D4028 /* Pods-Trofi.release.xcconfig */ = {isa = PBXFileReference; includeInIndex = 1; lastKnownFileType = text.xcconfig; name = "Pods-Trofi.release.xcconfig"; path = "Pods/Target Support Files/Pods-Trofi/Pods-Trofi.release.xcconfig"; sourceTree = "<group>"; };
		A486F1BE4B1673C0824A3C39 /* Pods_Trofi.framework */ = {isa = PBXFileReference; explicitFileType = wrapper.framework; includeInIndex = 0; path = Pods_Trofi.framework; sourceTree = BUILT_PRODUCTS_DIR; };
		D33BDDB647A435CDAFE8EE61 /* Pods-Trofi.debug.xcconfig */ = {isa = PBXFileReference; includeInIndex = 1; lastKnownFileType = text.xcconfig; name = "Pods-Trofi.debug.xcconfig"; path = "Pods/Target Support Files/Pods-Trofi/Pods-Trofi.debug.xcconfig"; sourceTree = "<group>"; };
/* End PBXFileReference section */

/* Begin PBXFrameworksBuildPhase section */
		345699291F1FC90E00D631BC /* Frameworks */ = {
			isa = PBXFrameworksBuildPhase;
			buildActionMask = 2147483647;
			files = (
				383E20266AC04F99A82973BE /* Pods_Trofi.framework in Frameworks */,
			);
			runOnlyForDeploymentPostprocessing = 0;
		};
/* End PBXFrameworksBuildPhase section */

/* Begin PBXGroup section */
		345699231F1FC90E00D631BC = {
			isa = PBXGroup;
			children = (
				3456992E1F1FC90E00D631BC /* Trofi */,
				3456992D1F1FC90E00D631BC /* Products */,
				A869B9199E87B71EF093D992 /* Pods */,
				46799A4B91672A9F84D0C043 /* Frameworks */,
			);
			sourceTree = "<group>";
		};
		3456992D1F1FC90E00D631BC /* Products */ = {
			isa = PBXGroup;
			children = (
				3456992C1F1FC90E00D631BC /* Trofi.app */,
			);
			name = Products;
			sourceTree = "<group>";
		};
		3456992E1F1FC90E00D631BC /* Trofi */ = {
			isa = PBXGroup;
			children = (
				3456992F1F1FC90E00D631BC /* AppDelegate.swift */,
				345B99671F23E07E00E671C3 /* Storyboards */,
				345699361F1FC90E00D631BC /* Assets.xcassets */,
				345B99691F23E09F00E671C3 /* Supporting */,
				345B996C1F23E28400E671C3 /* Views */,
				34B9705A1F44ACBB002C0DE1 /* Models */,
				345B99681F23E08F00E671C3 /* Controllers */,
			);
			path = Trofi;
			sourceTree = "<group>";
		};
		345B99671F23E07E00E671C3 /* Storyboards */ = {
			isa = PBXGroup;
			children = (
				345699331F1FC90E00D631BC /* Main.storyboard */,
			);
			name = Storyboards;
			sourceTree = "<group>";
		};
		345B99681F23E08F00E671C3 /* Controllers */ = {
			isa = PBXGroup;
			children = (
				345699631F1FD6A000D631BC /* ViewController.swift */,
				341395DA1F4E161D004B8EB9 /* FoodViewController.swift */,
				345B996A1F23E23500E671C3 /* MainTableViewController.swift */,
			);
			name = Controllers;
			sourceTree = "<group>";
		};
		345B99691F23E09F00E671C3 /* Supporting */ = {
			isa = PBXGroup;
			children = (
				341395D81F4DF344004B8EB9 /* FoldingCell.swift */,
				34B970561F435F3B002C0DE1 /* FlippingLabel.swift */,
				34A133A81F4C7E4100880FA5 /* DGRunkeeperSwitch.swift */,
				34A133AA1F4C7E8500880FA5 /* DGRunkeeperSwitch.h */,
				345699651F1FD6AB00D631BC /* Info.plist */,
				34151E121F27B5C9000BBFFD /* GoogleService-Info.plist */,
				345699381F1FC90E00D631BC /* LaunchScreen.storyboard */,
			);
			name = Supporting;
			sourceTree = "<group>";
		};
		345B996C1F23E28400E671C3 /* Views */ = {
			isa = PBXGroup;
			children = (
				345B996D1F23E2A400E671C3 /* DemoCell.swift */,
				34B970501F42AA5A002C0DE1 /* MapViewController.swift */,
				34151E0A1F265A7D000BBFFD /* TimerController.swift */,
				34151E0C1F267A36000BBFFD /* TimerController2.swift */,
			);
			name = Views;
			sourceTree = "<group>";
		};
		34B9705A1F44ACBB002C0DE1 /* Models */ = {
			isa = PBXGroup;
			children = (
				34B970581F44ACB7002C0DE1 /* Vendors.swift */,
			);
			name = Models;
			sourceTree = "<group>";
		};
		46799A4B91672A9F84D0C043 /* Frameworks */ = {
			isa = PBXGroup;
			children = (
				A486F1BE4B1673C0824A3C39 /* Pods_Trofi.framework */,
			);
			name = Frameworks;
			sourceTree = "<group>";
		};
		A869B9199E87B71EF093D992 /* Pods */ = {
			isa = PBXGroup;
			children = (
				D33BDDB647A435CDAFE8EE61 /* Pods-Trofi.debug.xcconfig */,
				430B920CBCB537DD590D4028 /* Pods-Trofi.release.xcconfig */,
			);
			name = Pods;
			sourceTree = "<group>";
		};
/* End PBXGroup section */

/* Begin PBXNativeTarget section */
		3456992B1F1FC90E00D631BC /* Trofi */ = {
			isa = PBXNativeTarget;
			buildConfigurationList = 3456993E1F1FC90E00D631BC /* Build configuration list for PBXNativeTarget "Trofi" */;
			buildPhases = (
				E86B21A8B11B0F265AE24FB9 /* [CP] Check Pods Manifest.lock */,
				345699281F1FC90E00D631BC /* Sources */,
				345699291F1FC90E00D631BC /* Frameworks */,
				3456992A1F1FC90E00D631BC /* Resources */,
				569BAD288854C2BF70EDB028 /* [CP] Embed Pods Frameworks */,
				9DEA14E25882B2DD9A4952AF /* [CP] Copy Pods Resources */,
			);
			buildRules = (
			);
			dependencies = (
			);
			name = Trofi;
			productName = Trofi;
			productReference = 3456992C1F1FC90E00D631BC /* Trofi.app */;
			productType = "com.apple.product-type.application";
		};
/* End PBXNativeTarget section */

/* Begin PBXProject section */
		345699241F1FC90E00D631BC /* Project object */ = {
			isa = PBXProject;
			attributes = {
				LastSwiftUpdateCheck = 0830;
				LastUpgradeCheck = 0830;
				ORGANIZATIONNAME = makeschool;
				TargetAttributes = {
					3456992B1F1FC90E00D631BC = {
						CreatedOnToolsVersion = 8.3.3;
						DevelopmentTeam = TS539Z9Q5G;
						ProvisioningStyle = Automatic;
					};
				};
			};
			buildConfigurationList = 345699271F1FC90E00D631BC /* Build configuration list for PBXProject "Trofi" */;
			compatibilityVersion = "Xcode 3.2";
			developmentRegion = English;
			hasScannedForEncodings = 0;
			knownRegions = (
				en,
				Base,
			);
			mainGroup = 345699231F1FC90E00D631BC;
			productRefGroup = 3456992D1F1FC90E00D631BC /* Products */;
			projectDirPath = "";
			projectRoot = "";
			targets = (
				3456992B1F1FC90E00D631BC /* Trofi */,
			);
		};
/* End PBXProject section */

/* Begin PBXResourcesBuildPhase section */
		3456992A1F1FC90E00D631BC /* Resources */ = {
			isa = PBXResourcesBuildPhase;
			buildActionMask = 2147483647;
			files = (
				3456993A1F1FC90E00D631BC /* LaunchScreen.storyboard in Resources */,
				34151E131F27B5C9000BBFFD /* GoogleService-Info.plist in Resources */,
				345699371F1FC90E00D631BC /* Assets.xcassets in Resources */,
				345699351F1FC90E00D631BC /* Main.storyboard in Resources */,
			);
			runOnlyForDeploymentPostprocessing = 0;
		};
/* End PBXResourcesBuildPhase section */

/* Begin PBXShellScriptBuildPhase section */
		569BAD288854C2BF70EDB028 /* [CP] Embed Pods Frameworks */ = {
			isa = PBXShellScriptBuildPhase;
			buildActionMask = 2147483647;
			files = (
			);
			inputPaths = (
			);
			name = "[CP] Embed Pods Frameworks";
			outputPaths = (
			);
			runOnlyForDeploymentPostprocessing = 0;
			shellPath = /bin/sh;
			shellScript = "\"${SRCROOT}/Pods/Target Support Files/Pods-Trofi/Pods-Trofi-frameworks.sh\"\n";
			showEnvVarsInLog = 0;
		};
		9DEA14E25882B2DD9A4952AF /* [CP] Copy Pods Resources */ = {
			isa = PBXShellScriptBuildPhase;
			buildActionMask = 2147483647;
			files = (
			);
			inputPaths = (
			);
			name = "[CP] Copy Pods Resources";
			outputPaths = (
			);
			runOnlyForDeploymentPostprocessing = 0;
			shellPath = /bin/sh;
			shellScript = "\"${SRCROOT}/Pods/Target Support Files/Pods-Trofi/Pods-Trofi-resources.sh\"\n";
			showEnvVarsInLog = 0;
		};
		E86B21A8B11B0F265AE24FB9 /* [CP] Check Pods Manifest.lock */ = {
			isa = PBXShellScriptBuildPhase;
			buildActionMask = 2147483647;
			files = (
			);
			inputPaths = (
			);
			name = "[CP] Check Pods Manifest.lock";
			outputPaths = (
			);
			runOnlyForDeploymentPostprocessing = 0;
			shellPath = /bin/sh;
			shellScript = "diff \"${PODS_PODFILE_DIR_PATH}/Podfile.lock\" \"${PODS_ROOT}/Manifest.lock\" > /dev/null\nif [ $? != 0 ] ; then\n    # print error to STDERR\n    echo \"error: The sandbox is not in sync with the Podfile.lock. Run 'pod install' or update your CocoaPods installation.\" >&2\n    exit 1\nfi\n";
			showEnvVarsInLog = 0;
		};
/* End PBXShellScriptBuildPhase section */

/* Begin PBXSourcesBuildPhase section */
		345699281F1FC90E00D631BC /* Sources */ = {
			isa = PBXSourcesBuildPhase;
			buildActionMask = 2147483647;
			files = (
				34B970591F44ACB7002C0DE1 /* Vendors.swift in Sources */,
				345699641F1FD6A000D631BC /* ViewController.swift in Sources */,
				345B996B1F23E23500E671C3 /* MainTableViewController.swift in Sources */,
				34151E0D1F267A36000BBFFD /* TimerController2.swift in Sources */,
				34B970511F42AA5A002C0DE1 /* MapViewController.swift in Sources */,
				34151E0B1F265A7D000BBFFD /* TimerController.swift in Sources */,
				345B996E1F23E2A400E671C3 /* DemoCell.swift in Sources */,
				34A133A91F4C7E4100880FA5 /* DGRunkeeperSwitch.swift in Sources */,
				345699301F1FC90E00D631BC /* AppDelegate.swift in Sources */,
				341395D91F4DF344004B8EB9 /* FoldingCell.swift in Sources */,
				341395DB1F4E161D004B8EB9 /* FoodViewController.swift in Sources */,
				34B970571F435F3B002C0DE1 /* FlippingLabel.swift in Sources */,
			);
			runOnlyForDeploymentPostprocessing = 0;
		};
/* End PBXSourcesBuildPhase section */

/* Begin PBXVariantGroup section */
		345699331F1FC90E00D631BC /* Main.storyboard */ = {
			isa = PBXVariantGroup;
			children = (
				345699341F1FC90E00D631BC /* Base */,
			);
			name = Main.storyboard;
			sourceTree = "<group>";
		};
		345699381F1FC90E00D631BC /* LaunchScreen.storyboard */ = {
			isa = PBXVariantGroup;
			children = (
				345699391F1FC90E00D631BC /* Base */,
			);
			name = LaunchScreen.storyboard;
			sourceTree = "<group>";
		};
/* End PBXVariantGroup section */

/* Begin XCBuildConfiguration section */
		3456993C1F1FC90E00D631BC /* Debug */ = {
			isa = XCBuildConfiguration;
			buildSettings = {
				ALWAYS_SEARCH_USER_PATHS = NO;
				CLANG_ANALYZER_NONNULL = YES;
				CLANG_ANALYZER_NUMBER_OBJECT_CONVERSION = YES_AGGRESSIVE;
				CLANG_CXX_LANGUAGE_STANDARD = "gnu++0x";
				CLANG_CXX_LIBRARY = "libc++";
				CLANG_ENABLE_MODULES = YES;
				CLANG_ENABLE_OBJC_ARC = YES;
				CLANG_WARN_BOOL_CONVERSION = YES;
				CLANG_WARN_CONSTANT_CONVERSION = YES;
				CLANG_WARN_DIRECT_OBJC_ISA_USAGE = YES_ERROR;
				CLANG_WARN_DOCUMENTATION_COMMENTS = YES;
				CLANG_WARN_EMPTY_BODY = YES;
				CLANG_WARN_ENUM_CONVERSION = YES;
				CLANG_WARN_INFINITE_RECURSION = YES;
				CLANG_WARN_INT_CONVERSION = YES;
				CLANG_WARN_OBJC_ROOT_CLASS = YES_ERROR;
				CLANG_WARN_SUSPICIOUS_MOVE = YES;
				CLANG_WARN_UNREACHABLE_CODE = YES;
				CLANG_WARN__DUPLICATE_METHOD_MATCH = YES;
				"CODE_SIGN_IDENTITY[sdk=iphoneos*]" = "iPhone Developer";
				COPY_PHASE_STRIP = NO;
				DEBUG_INFORMATION_FORMAT = dwarf;
				ENABLE_STRICT_OBJC_MSGSEND = YES;
				ENABLE_TESTABILITY = YES;
				GCC_C_LANGUAGE_STANDARD = gnu99;
				GCC_DYNAMIC_NO_PIC = NO;
				GCC_NO_COMMON_BLOCKS = YES;
				GCC_OPTIMIZATION_LEVEL = 0;
				GCC_PREPROCESSOR_DEFINITIONS = (
					"DEBUG=1",
					"$(inherited)",
				);
				GCC_WARN_64_TO_32_BIT_CONVERSION = YES;
				GCC_WARN_ABOUT_RETURN_TYPE = YES_ERROR;
				GCC_WARN_UNDECLARED_SELECTOR = YES;
				GCC_WARN_UNINITIALIZED_AUTOS = YES_AGGRESSIVE;
				GCC_WARN_UNUSED_FUNCTION = YES;
				GCC_WARN_UNUSED_VARIABLE = YES;
				IPHONEOS_DEPLOYMENT_TARGET = 10.3;
				MTL_ENABLE_DEBUG_INFO = YES;
				ONLY_ACTIVE_ARCH = YES;
				SDKROOT = iphoneos;
				SWIFT_ACTIVE_COMPILATION_CONDITIONS = DEBUG;
				SWIFT_OPTIMIZATION_LEVEL = "-Onone";
			};
			name = Debug;
		};
		3456993D1F1FC90E00D631BC /* Release */ = {
			isa = XCBuildConfiguration;
			buildSettings = {
				ALWAYS_SEARCH_USER_PATHS = NO;
				CLANG_ANALYZER_NONNULL = YES;
				CLANG_ANALYZER_NUMBER_OBJECT_CONVERSION = YES_AGGRESSIVE;
				CLANG_CXX_LANGUAGE_STANDARD = "gnu++0x";
				CLANG_CXX_LIBRARY = "libc++";
				CLANG_ENABLE_MODULES = YES;
				CLANG_ENABLE_OBJC_ARC = YES;
				CLANG_WARN_BOOL_CONVERSION = YES;
				CLANG_WARN_CONSTANT_CONVERSION = YES;
				CLANG_WARN_DIRECT_OBJC_ISA_USAGE = YES_ERROR;
				CLANG_WARN_DOCUMENTATION_COMMENTS = YES;
				CLANG_WARN_EMPTY_BODY = YES;
				CLANG_WARN_ENUM_CONVERSION = YES;
				CLANG_WARN_INFINITE_RECURSION = YES;
				CLANG_WARN_INT_CONVERSION = YES;
				CLANG_WARN_OBJC_ROOT_CLASS = YES_ERROR;
				CLANG_WARN_SUSPICIOUS_MOVE = YES;
				CLANG_WARN_UNREACHABLE_CODE = YES;
				CLANG_WARN__DUPLICATE_METHOD_MATCH = YES;
				"CODE_SIGN_IDENTITY[sdk=iphoneos*]" = "iPhone Developer";
				COPY_PHASE_STRIP = NO;
				DEBUG_INFORMATION_FORMAT = "dwarf-with-dsym";
				ENABLE_NS_ASSERTIONS = NO;
				ENABLE_STRICT_OBJC_MSGSEND = YES;
				GCC_C_LANGUAGE_STANDARD = gnu99;
				GCC_NO_COMMON_BLOCKS = YES;
				GCC_WARN_64_TO_32_BIT_CONVERSION = YES;
				GCC_WARN_ABOUT_RETURN_TYPE = YES_ERROR;
				GCC_WARN_UNDECLARED_SELECTOR = YES;
				GCC_WARN_UNINITIALIZED_AUTOS = YES_AGGRESSIVE;
				GCC_WARN_UNUSED_FUNCTION = YES;
				GCC_WARN_UNUSED_VARIABLE = YES;
				IPHONEOS_DEPLOYMENT_TARGET = 10.3;
				MTL_ENABLE_DEBUG_INFO = NO;
				SDKROOT = iphoneos;
				SWIFT_OPTIMIZATION_LEVEL = "-Owholemodule";
				VALIDATE_PRODUCT = YES;
			};
			name = Release;
		};
		3456993F1F1FC90E00D631BC /* Debug */ = {
			isa = XCBuildConfiguration;
			baseConfigurationReference = D33BDDB647A435CDAFE8EE61 /* Pods-Trofi.debug.xcconfig */;
			buildSettings = {
				ASSETCATALOG_COMPILER_APPICON_NAME = AppIcon;
				"CODE_SIGN_IDENTITY[sdk=iphoneos*]" = "iPhone Developer";
				DEVELOPMENT_TEAM = TS539Z9Q5G;
				INFOPLIST_FILE = "$(SRCROOT)/Trofi/supporting/Info.plist";
				LD_RUNPATH_SEARCH_PATHS = "$(inherited) @executable_path/Frameworks";
				PRODUCT_BUNDLE_IDENTIFIER = makeschool.Trofi;
				PRODUCT_NAME = "$(TARGET_NAME)";
				PROVISIONING_PROFILE_SPECIFIER = "";
				SWIFT_VERSION = 3.0;
			};
			name = Debug;
		};
		345699401F1FC90E00D631BC /* Release */ = {
			isa = XCBuildConfiguration;
			baseConfigurationReference = 430B920CBCB537DD590D4028 /* Pods-Trofi.release.xcconfig */;
			buildSettings = {
				ASSETCATALOG_COMPILER_APPICON_NAME = AppIcon;
				"CODE_SIGN_IDENTITY[sdk=iphoneos*]" = "iPhone Developer";
				DEVELOPMENT_TEAM = TS539Z9Q5G;
				INFOPLIST_FILE = "$(SRCROOT)/Trofi/supporting/Info.plist";
				LD_RUNPATH_SEARCH_PATHS = "$(inherited) @executable_path/Frameworks";
				PRODUCT_BUNDLE_IDENTIFIER = makeschool.Trofi;
				PRODUCT_NAME = "$(TARGET_NAME)";
				PROVISIONING_PROFILE_SPECIFIER = "";
				SWIFT_VERSION = 3.0;
			};
			name = Release;
		};
/* End XCBuildConfiguration section */

/* Begin XCConfigurationList section */
		345699271F1FC90E00D631BC /* Build configuration list for PBXProject "Trofi" */ = {
			isa = XCConfigurationList;
			buildConfigurations = (
				3456993C1F1FC90E00D631BC /* Debug */,
				3456993D1F1FC90E00D631BC /* Release */,
			);
			defaultConfigurationIsVisible = 0;
			defaultConfigurationName = Release;
		};
		3456993E1F1FC90E00D631BC /* Build configuration list for PBXNativeTarget "Trofi" */ = {
			isa = XCConfigurationList;
			buildConfigurations = (
				3456993F1F1FC90E00D631BC /* Debug */,
				345699401F1FC90E00D631BC /* Release */,
			);
			defaultConfigurationIsVisible = 0;
			defaultConfigurationName = Release;
		};
/* End XCConfigurationList section */
	};
	rootObject = 345699241F1FC90E00D631BC /* Project object */;
}
